
Microsoft Visual Studio Solution File, Format Version 12.00
Project("{FAE04EC0-301F-11D3-BF4B-00C04F79EFBC}") = "Week1Task1", "Week1Task1\Week1Task1.csproj", "{10BAE9C4-46E6-4FDF-A2F0-0A36FC8798D1}"
EndProject
Project("{FAE04EC0-301F-11D3-BF4B-00C04F79EFBC}") = "Week1Task1.Tests", "Week1Task1.Tests\Week1Task1.Tests.csproj", "{F30A4F68-792A-4615-A971-1E636F16BC84}"
EndProject
Global
	GlobalSection(SolutionConfigurationPlatforms) = preSolution
		Debug|Any CPU = Debug|Any CPU
		Release|Any CPU = Release|Any CPU
	EndGlobalSection
	GlobalSection(ProjectConfigurationPlatforms) = postSolution
		{10BAE9C4-46E6-4FDF-A2F0-0A36FC8798D1}.Debug|Any CPU.ActiveCfg = Debug|Any CPU
		{10BAE9C4-46E6-4FDF-A2F0-0A36FC8798D1}.Debug|Any CPU.Build.0 = Debug|Any CPU
		{10BAE9C4-46E6-4FDF-A2F0-0A36FC8798D1}.Release|Any CPU.ActiveCfg = Release|Any CPU
		{10BAE9C4-46E6-4FDF-A2F0-0A36FC8798D1}.Release|Any CPU.Build.0 = Release|Any CPU
		{F30A4F68-792A-4615-A971-1E636F16BC84}.Debug|Any CPU.ActiveCfg = Debug|Any CPU
		{F30A4F68-792A-4615-A971-1E636F16BC84}.Debug|Any CPU.Build.0 = Debug|Any CPU
		{F30A4F68-792A-4615-A971-1E636F16BC84}.Release|Any CPU.ActiveCfg = Release|Any CPU
		{F30A4F68-792A-4615-A971-1E636F16BC84}.Release|Any CPU.Build.0 = Release|Any CPU
	EndGlobalSection
EndGlobal
