
Microsoft Visual Studio Solution File, Format Version 12.00
Project("{FAE04EC0-301F-11D3-BF4B-00C04F79EFBC}") = "QuadraticEquation", "QuadraticEquation\QuadraticEquation.csproj", "{F8E67B4F-E5CB-4DBA-AC15-2FD49889AB10}"
EndProject
Project("{FAE04EC0-301F-11D3-BF4B-00C04F79EFBC}") = "QuadraticEquation.Tests", "QuadraticEquation.Tests\QuadraticEquation.Tests.csproj", "{2453C14A-4240-4CB7-9138-2B5C3912AE88}"
EndProject
Global
	GlobalSection(SolutionConfigurationPlatforms) = preSolution
		Debug|Any CPU = Debug|Any CPU
		Release|Any CPU = Release|Any CPU
	EndGlobalSection
	GlobalSection(ProjectConfigurationPlatforms) = postSolution
		{F8E67B4F-E5CB-4DBA-AC15-2FD49889AB10}.Debug|Any CPU.ActiveCfg = Debug|Any CPU
		{F8E67B4F-E5CB-4DBA-AC15-2FD49889AB10}.Debug|Any CPU.Build.0 = Debug|Any CPU
		{F8E67B4F-E5CB-4DBA-AC15-2FD49889AB10}.Release|Any CPU.ActiveCfg = Release|Any CPU
		{F8E67B4F-E5CB-4DBA-AC15-2FD49889AB10}.Release|Any CPU.Build.0 = Release|Any CPU
		{2453C14A-4240-4CB7-9138-2B5C3912AE88}.Debug|Any CPU.ActiveCfg = Debug|Any CPU
		{2453C14A-4240-4CB7-9138-2B5C3912AE88}.Debug|Any CPU.Build.0 = Debug|Any CPU
		{2453C14A-4240-4CB7-9138-2B5C3912AE88}.Release|Any CPU.ActiveCfg = Release|Any CPU
		{2453C14A-4240-4CB7-9138-2B5C3912AE88}.Release|Any CPU.Build.0 = Release|Any CPU
	EndGlobalSection
EndGlobal
